{
  "name": "poc",
  "version": "1.0.0",
  "lockfileVersion": 3,
  "requires": true,
  "packages": {
    "": {
      "name": "poc",
      "version": "1.0.0",
      "license": "ISC",
      "dependencies": {
        "better-sqlite3-multiple-ciphers": "^13.0.3"
      }
    },
    "node_modules/better-sqlite3-multiple-ciphers": {
      "version": "13.0.3",
      "resolved": "https://registry.npmmirror.com/better-sqlite3-multiple-ciphers/-/better-sqlite3-multiple-ciphers-13.0.3.tgz",
      "integrity": "sha512-UYabM82r1J84TLWc/SszoHs6XopWpl/2HCg3Nui1JUaFXg/VLswzkPowYiRhK/4CftI8dgtikwyZQecMldrGxQ==",
      "license": "MIT",
      "dependencies": {
        "node-addon-api": "^8.0.0"
      },
      "engines": {
        "node": ">=22"
      }
    },
    "node_modules/node-addon-api": {
      "version": "8.9.2",
      "resolved": "https://registry.npmmirror.com/node-addon-api/-/node-addon-api-8.9.2.tgz",
      "integrity": "sha512-VijLXbi3UACN69I0JVXJsX4tjACjNoQDgv2gTF6sx2wWEi8tkSg2eX8p5gSIFi8z2+DL3oHmY6OyKce38SDolg==",
      "license": "MIT",
      "engines": {
        "node": "^18 || ^20 || >= 21"
      }
    }
  }
}
